
Microsoft Visual Studio Solution File, Format Version 12.00
# Visual Studio Version 16
VisualStudioVersion = 16.0.31005.135
MinimumVisualStudioVersion = 10.0.40219.1
Project("{FAE04EC0-301F-11D3-BF4B-00C04F79EFBC}") = "MCGM2021 Práctica Git", "MCGM2021 Práctica Git.csproj", "{D551D282-630F-42B2-B18A-AF32D44468D3}"
EndProject
Global
	GlobalSection(SolutionConfigurationPlatforms) = preSolution
		Debug|Any CPU = Debug|Any CPU
		Release|Any CPU = Release|Any CPU
	EndGlobalSection
	GlobalSection(ProjectConfigurationPlatforms) = postSolution
		{D551D282-630F-42B2-B18A-AF32D44468D3}.Debug|Any CPU.ActiveCfg = Debug|Any CPU
		{D551D282-630F-42B2-B18A-AF32D44468D3}.Debug|Any CPU.Build.0 = Debug|Any CPU
		{D551D282-630F-42B2-B18A-AF32D44468D3}.Release|Any CPU.ActiveCfg = Release|Any CPU
		{D551D282-630F-42B2-B18A-AF32D44468D3}.Release|Any CPU.Build.0 = Release|Any CPU
	EndGlobalSection
	GlobalSection(SolutionProperties) = preSolution
		HideSolutionNode = FALSE
	EndGlobalSection
	GlobalSection(ExtensibilityGlobals) = postSolution
		SolutionGuid = {571C03B4-80DF-4439-9F49-9242C523ADB9}
	EndGlobalSection
EndGlobal
